// !$*UTF8*$!
{
	archiveVersion = 1;
	classes = {
	};
	objectVersion = 46;
	objects = {

/* Begin PBXBuildFile section */
		687A5E5D17077C7900C836CA /* UIKit.framework in Frameworks */ = {isa = PBXBuildFile; fileRef = 687A5E5C17077C7900C836CA /* UIKit.framework */; };
		687A5E5F17077C7900C836CA /* Foundation.framework in Frameworks */ = {isa = PBXBuildFile; fileRef = 687A5E5E17077C7900C836CA /* Foundation.framework */; };
		687A5E6117077C7900C836CA /* CoreGraphics.framework in Frameworks */ = {isa = PBXBuildFile; fileRef = 687A5E6017077C7900C836CA /* CoreGraphics.framework */; };
		687A5E6717077C7900C836CA /* InfoPlist.strings in Resources */ = {isa = PBXBuildFile; fileRef = 687A5E6517077C7900C836CA /* InfoPlist.strings */; };
		687A5E6917077C7900C836CA /* main.m in Sources */ = {isa = PBXBuildFile; fileRef = 687A5E6817077C7900C836CA /* main.m */; };
		687A5E6D17077C7900C836CA /* AppDelegate.m in Sources */ = {isa = PBXBuildFile; fileRef = 687A5E6C17077C7900C836CA /* AppDelegate.m */; };
		687A5E6F17077C7900C836CA /* Default.png in Resources */ = {isa = PBXBuildFile; fileRef = 687A5E6E17077C7900C836CA /* Default.png */; };
		687A5E7117077C7900C836CA /* Default@2x.png in Resources */ = {isa = PBXBuildFile; fileRef = 687A5E7017077C7900C836CA /* Default@2x.png */; };
		687A5E7317077C7900C836CA /* Default-568h@2x.png in Resources */ = {isa = PBXBuildFile; fileRef = 687A5E7217077C7900C836CA /* Default-568h@2x.png */; };
		687A5E7617077C7900C836CA /* ViewController.m in Sources */ = {isa = PBXBuildFile; fileRef = 687A5E7517077C7900C836CA /* ViewController.m */; };
		687A5E7917077C7900C836CA /* ViewController.xib in Resources */ = {isa = PBXBuildFile; fileRef = 687A5E7717077C7900C836CA /* ViewController.xib */; };
		687A5E801707830200C836CA /* AVFoundation.framework in Frameworks */ = {isa = PBXBuildFile; fileRef = 687A5E7F1707830200C836CA /* AVFoundation.framework */; };
		687A5E891707830F00C836CA /* TestSound.wav in Resources */ = {isa = PBXBuildFile; fileRef = 687A5E851707830F00C836CA /* TestSound.wav */; };
/* End PBXBuildFile section */

/* Begin PBXFileReference section */
		687A5E5917077C7900C836CA /* SimpleAudioPlayback.app */ = {isa = PBXFileReference; explicitFileType = wrapper.application; includeInIndex = 0; path = SimpleAudioPlayback.app; sourceTree = BUILT_PRODUCTS_DIR; };
		687A5E5C17077C7900C836CA /* UIKit.framework */ = {isa = PBXFileReference; lastKnownFileType = wrapper.framework; name = UIKit.framework; path = System/Library/Frameworks/UIKit.framework; sourceTree = SDKROOT; };
		687A5E5E17077C7900C836CA /* Foundation.framework */ = {isa = PBXFileReference; lastKnownFileType = wrapper.framework; name = Foundation.framework; path = System/Library/Frameworks/Foundation.framework; sourceTree = SDKROOT; };
		687A5E6017077C7900C836CA /* CoreGraphics.framework */ = {isa = PBXFileReference; lastKnownFileType = wrapper.framework; name = CoreGraphics.framework; path = System/Library/Frameworks/CoreGraphics.framework; sourceTree = SDKROOT; };
		687A5E6417077C7900C836CA /* SimpleAudioPlayback-Info.plist */ = {isa = PBXFileReference; lastKnownFileType = text.plist.xml; path = "SimpleAudioPlayback-Info.plist"; sourceTree = "<group>"; };
		687A5E6617077C7900C836CA /* en */ = {isa = PBXFileReference; lastKnownFileType = text.plist.strings; name = en; path = en.lproj/InfoPlist.strings; sourceTree = "<group>"; };
		687A5E6817077C7900C836CA /* main.m */ = {isa = PBXFileReference; lastKnownFileType = sourcecode.c.objc; path = main.m; sourceTree = "<group>"; };
		687A5E6A17077C7900C836CA /* SimpleAudioPlayback-Prefix.pch */ = {isa = PBXFileReference; lastKnownFileType = sourcecode.c.h; path = "SimpleAudioPlayback-Prefix.pch"; sourceTree = "<group>"; };
		687A5E6B17077C7900C836CA /* AppDelegate.h */ = {isa = PBXFileReference; lastKnownFileType = sourcecode.c.h; path = AppDelegate.h; sourceTree = "<group>"; };
		687A5E6C17077C7900C836CA /* AppDelegate.m */ = {isa = PBXFileReference; lastKnownFileType = sourcecode.c.objc; path = AppDelegate.m; sourceTree = "<group>"; };
		687A5E6E17077C7900C836CA /* Default.png */ = {isa = PBXFileReference; lastKnownFileType = image.png; path = Default.png; sourceTree = "<group>"; };
		687A5E7017077C7900C836CA /* Default@2x.png */ = {isa = PBXFileReference; lastKnownFileType = image.png; path = "Default@2x.png"; sourceTree = "<group>"; };
		687A5E7217077C7900C836CA /* Default-568h@2x.png */ = {isa = PBXFileReference; lastKnownFileType = image.png; path = "Default-568h@2x.png"; sourceTree = "<group>"; };
		687A5E7417077C7900C836CA /* ViewController.h */ = {isa = PBXFileReference; lastKnownFileType = sourcecode.c.h; path = ViewController.h; sourceTree = "<group>"; };
		687A5E7517077C7900C836CA /* ViewController.m */ = {isa = PBXFileReference; lastKnownFileType = sourcecode.c.objc; path = ViewController.m; sourceTree = "<group>"; };
		687A5E7817077C7900C836CA /* en */ = {isa = PBXFileReference; lastKnownFileType = file.xib; name = en; path = en.lproj/ViewController.xib; sourceTree = "<group>"; };
		687A5E7F1707830200C836CA /* AVFoundation.framework */ = {isa = PBXFileReference; lastKnownFileType = wrapper.framework; name = AVFoundation.framework; path = System/Library/Frameworks/AVFoundation.framework; sourceTree = SDKROOT; };
		687A5E851707830F00C836CA /* TestSound.wav */ = {isa = PBXFileReference; lastKnownFileType = audio.wav; path = TestSound.wav; sourceTree = "<group>"; };
/* End PBXFileReference section */

/* Begin PBXFrameworksBuildPhase section */
		687A5E5617077C7900C836CA /* Frameworks */ = {
			isa = PBXFrameworksBuildPhase;
			buildActionMask = 2147483647;
			files = (
				687A5E801707830200C836CA /* AVFoundation.framework in Frameworks */,
				687A5E5D17077C7900C836CA /* UIKit.framework in Frameworks */,
				687A5E5F17077C7900C836CA /* Foundation.framework in Frameworks */,
				687A5E6117077C7900C836CA /* CoreGraphics.framework in Frameworks */,
			);
			runOnlyForDeploymentPostprocessing = 0;
		};
/* End PBXFrameworksBuildPhase section */

/* Begin PBXGroup section */
		687A5E5017077C7900C836CA = {
			isa = PBXGroup;
			children = (
				687A5E811707830F00C836CA /* Sounds */,
				687A5E6217077C7900C836CA /* SimpleAudioPlayback */,
				687A5E5B17077C7900C836CA /* Frameworks */,
				687A5E5A17077C7900C836CA /* Products */,
			);
			sourceTree = "<group>";
		};
		687A5E5A17077C7900C836CA /* Products */ = {
			isa = PBXGroup;
			children = (
				687A5E5917077C7900C836CA /* SimpleAudioPlayback.app */,
			);
			name = Products;
			sourceTree = "<group>";
		};
		687A5E5B17077C7900C836CA /* Frameworks */ = {
			isa = PBXGroup;
			children = (
				687A5E7F1707830200C836CA /* AVFoundation.framework */,
				687A5E5C17077C7900C836CA /* UIKit.framework */,
				687A5E5E17077C7900C836CA /* Foundation.framework */,
				687A5E6017077C7900C836CA /* CoreGraphics.framework */,
			);
			name = Frameworks;
			sourceTree = "<group>";
		};
		687A5E6217077C7900C836CA /* SimpleAudioPlayback */ = {
			isa = PBXGroup;
			children = (
				687A5E6B17077C7900C836CA /* AppDelegate.h */,
				687A5E6C17077C7900C836CA /* AppDelegate.m */,
				687A5E7417077C7900C836CA /* ViewController.h */,
				687A5E7517077C7900C836CA /* ViewController.m */,
				687A5E7717077C7900C836CA /* ViewController.xib */,
				687A5E6317077C7900C836CA /* Supporting Files */,
			);
			path = SimpleAudioPlayback;
			sourceTree = "<group>";
		};
		687A5E6317077C7900C836CA /* Supporting Files */ = {
			isa = PBXGroup;
			children = (
				687A5E6417077C7900C836CA /* SimpleAudioPlayback-Info.plist */,
				687A5E6517077C7900C836CA /* InfoPlist.strings */,
				687A5E6817077C7900C836CA /* main.m */,
				687A5E6A17077C7900C836CA /* SimpleAudioPlayback-Prefix.pch */,
				687A5E6E17077C7900C836CA /* Default.png */,
				687A5E7017077C7900C836CA /* Default@2x.png */,
				687A5E7217077C7900C836CA /* Default-568h@2x.png */,
			);
			name = "Supporting Files";
			sourceTree = "<group>";
		};
		687A5E811707830F00C836CA /* Sounds */ = {
			isa = PBXGroup;
			children = (
				687A5E851707830F00C836CA /* TestSound.wav */,
			);
			name = Sounds;
			path = ../Sounds;
			sourceTree = "<group>";
		};
/* End PBXGroup section */

/* Begin PBXNativeTarget section */
		687A5E5817077C7900C836CA /* SimpleAudioPlayback */ = {
			isa = PBXNativeTarget;
			buildConfigurationList = 687A5E7C17077C7900C836CA /* Build configuration list for PBXNativeTarget "SimpleAudioPlayback" */;
			buildPhases = (
				687A5E5517077C7900C836CA /* Sources */,
				687A5E5617077C7900C836CA /* Frameworks */,
				687A5E5717077C7900C836CA /* Resources */,
			);
			buildRules = (
			);
			dependencies = (
			);
			name = SimpleAudioPlayback;
			productName = SimpleAudioPlayback;
			productReference = 687A5E5917077C7900C836CA /* SimpleAudioPlayback.app */;
			productType = "com.apple.product-type.application";
		};
/* End PBXNativeTarget section */

/* Begin PBXProject section */
		687A5E5117077C7900C836CA /* Project object */ = {
			isa = PBXProject;
			attributes = {
				LastUpgradeCheck = 0460;
				ORGANIZATIONNAME = "Secret Lab";
			};
			buildConfigurationList = 687A5E5417077C7900C836CA /* Build configuration list for PBXProject "SimpleAudioPlayback" */;
			compatibilityVersion = "Xcode 3.2";
			developmentRegion = English;
			hasScannedForEncodings = 0;
			knownRegions = (
				en,
			);
			mainGroup = 687A5E5017077C7900C836CA;
			productRefGroup = 687A5E5A17077C7900C836CA /* Products */;
			projectDirPath = "";
			projectRoot = "";
			targets = (
				687A5E5817077C7900C836CA /* SimpleAudioPlayback */,
			);
		};
/* End PBXProject section */

/* Begin PBXResourcesBuildPhase section */
		687A5E5717077C7900C836CA /* Resources */ = {
			isa = PBXResourcesBuildPhase;
			buildActionMask = 2147483647;
			files = (
				687A5E6717077C7900C836CA /* InfoPlist.strings in Resources */,
				687A5E6F17077C7900C836CA /* Default.png in Resources */,
				687A5E7117077C7900C836CA /* Default@2x.png in Resources */,
				687A5E7317077C7900C836CA /* Default-568h@2x.png in Resources */,
				687A5E7917077C7900C836CA /* ViewController.xib in Resources */,
				687A5E891707830F00C836CA /* TestSound.wav in Resources */,
			);
			runOnlyForDeploymentPostprocessing = 0;
		};
/* End PBXResourcesBuildPhase section */

/* Begin PBXSourcesBuildPhase section */
		687A5E5517077C7900C836CA /* Sources */ = {
			isa = PBXSourcesBuildPhase;
			buildActionMask = 2147483647;
			files = (
				687A5E6917077C7900C836CA /* main.m in Sources */,
				687A5E6D17077C7900C836CA /* AppDelegate.m in Sources */,
				687A5E7617077C7900C836CA /* ViewController.m in Sources */,
			);
			runOnlyForDeploymentPostprocessing = 0;
		};
/* End PBXSourcesBuildPhase section */

/* Begin PBXVariantGroup section */
		687A5E6517077C7900C836CA /* InfoPlist.strings */ = {
			isa = PBXVariantGroup;
			children = (
				687A5E6617077C7900C836CA /* en */,
			);
			name = InfoPlist.strings;
			sourceTree = "<group>";
		};
		687A5E7717077C7900C836CA /* ViewController.xib */ = {
			isa = PBXVariantGroup;
			children = (
				687A5E7817077C7900C836CA /* en */,
			);
			name = ViewController.xib;
			sourceTree = "<group>";
		};
/* End PBXVariantGroup section */

/* Begin XCBuildConfiguration section */
		687A5E7A17077C7900C836CA /* Debug */ = {
			isa = XCBuildConfiguration;
			buildSettings = {
				ALWAYS_SEARCH_USER_PATHS = NO;
				CLANG_CXX_LANGUAGE_STANDARD = "gnu++0x";
				CLANG_CXX_LIBRARY = "libc++";
				CLANG_ENABLE_OBJC_ARC = YES;
				CLANG_WARN_CONSTANT_CONVERSION = YES;
				CLANG_WARN_EMPTY_BODY = YES;
				CLANG_WARN_ENUM_CONVERSION = YES;
				CLANG_WARN_INT_CONVERSION = YES;
				CLANG_WARN__DUPLICATE_METHOD_MATCH = YES;
				"CODE_SIGN_IDENTITY[sdk=iphoneos*]" = "iPhone Developer";
				COPY_PHASE_STRIP = NO;
				GCC_C_LANGUAGE_STANDARD = gnu99;
				GCC_DYNAMIC_NO_PIC = NO;
				GCC_OPTIMIZATION_LEVEL = 0;
				GCC_PREPROCESSOR_DEFINITIONS = (
					"DEBUG=1",
					"$(inherited)",
				);
				GCC_SYMBOLS_PRIVATE_EXTERN = NO;
				GCC_WARN_ABOUT_RETURN_TYPE = YES;
				GCC_WARN_UNINITIALIZED_AUTOS = YES;
				GCC_WARN_UNUSED_VARIABLE = YES;
				IPHONEOS_DEPLOYMENT_TARGET = 6.1;
				ONLY_ACTIVE_ARCH = YES;
				SDKROOT = iphoneos;
			};
			name = Debug;
		};
		687A5E7B17077C7900C836CA /* Release */ = {
			isa = XCBuildConfiguration;
			buildSettings = {
				ALWAYS_SEARCH_USER_PATHS = NO;
				CLANG_CXX_LANGUAGE_STANDARD = "gnu++0x";
				CLANG_CXX_LIBRARY = "libc++";
				CLANG_ENABLE_OBJC_ARC = YES;
				CLANG_WARN_CONSTANT_CONVERSION = YES;
				CLANG_WARN_EMPTY_BODY = YES;
				CLANG_WARN_ENUM_CONVERSION = YES;
				CLANG_WARN_INT_CONVERSION = YES;
				CLANG_WARN__DUPLICATE_METHOD_MATCH = YES;
				"CODE_SIGN_IDENTITY[sdk=iphoneos*]" = "iPhone Developer";
				COPY_PHASE_STRIP = YES;
				GCC_C_LANGUAGE_STANDARD = gnu99;
				GCC_WARN_ABOUT_RETURN_TYPE = YES;
				GCC_WARN_UNINITIALIZED_AUTOS = YES;
				GCC_WARN_UNUSED_VARIABLE = YES;
				IPHONEOS_DEPLOYMENT_TARGET = 6.1;
				OTHER_CFLAGS = "-DNS_BLOCK_ASSERTIONS=1";
				SDKROOT = iphoneos;
				VALIDATE_PRODUCT = YES;
			};
			name = Release;
		};
		687A5E7D17077C7900C836CA /* Debug */ = {
			isa = XCBuildConfiguration;
			buildSettings = {
				GCC_PRECOMPILE_PREFIX_HEADER = YES;
				GCC_PREFIX_HEADER = "SimpleAudioPlayback/SimpleAudioPlayback-Prefix.pch";
				INFOPLIST_FILE = "SimpleAudioPlayback/SimpleAudioPlayback-Info.plist";
				PRODUCT_NAME = "$(TARGET_NAME)";
				WRAPPER_EXTENSION = app;
			};
			name = Debug;
		};
		687A5E7E17077C7900C836CA /* Release */ = {
			isa = XCBuildConfiguration;
			buildSettings = {
				GCC_PRECOMPILE_PREFIX_HEADER = YES;
				GCC_PREFIX_HEADER = "SimpleAudioPlayback/SimpleAudioPlayback-Prefix.pch";
				INFOPLIST_FILE = "SimpleAudioPlayback/SimpleAudioPlayback-Info.plist";
				PRODUCT_NAME = "$(TARGET_NAME)";
				WRAPPER_EXTENSION = app;
			};
			name = Release;
		};
/* End XCBuildConfiguration section */

/* Begin XCConfigurationList section */
		687A5E5417077C7900C836CA /* Build configuration list for PBXProject "SimpleAudioPlayback" */ = {
			isa = XCConfigurationList;
			buildConfigurations = (
				687A5E7A17077C7900C836CA /* Debug */,
				687A5E7B17077C7900C836CA /* Release */,
			);
			defaultConfigurationIsVisible = 0;
			defaultConfigurationName = Release;
		};
		687A5E7C17077C7900C836CA /* Build configuration list for PBXNativeTarget "SimpleAudioPlayback" */ = {
			isa = XCConfigurationList;
			buildConfigurations = (
				687A5E7D17077C7900C836CA /* Debug */,
				687A5E7E17077C7900C836CA /* Release */,
			);
			defaultConfigurationIsVisible = 0;
		};
/* End XCConfigurationList section */
	};
	rootObject = 687A5E5117077C7900C836CA /* Project object */;
}
